schema: '2.0'
stages:
  data_ingestion:
    cmd: python src/data/data_ingestion.py
    deps:
    - path: src/data/data_ingestion.py
      hash: md5
      md5: 6d75e394bbe74881cefaf03a7f9bc200
      size: 4308
    params:
      params.yaml:
        data_ingestion.test_size: 0.25
    outs:
    - path: data/raw
      hash: md5
      md5: 49d68ac9e22c6088d4afd89da38f5c38.dir
      size: 6919701
      nfiles: 2
  data_preprocessing:
    cmd: python src/data/data_preprocessing.py
    deps:
    - path: data/raw/test.csv
      hash: md5
      md5: 2e81d6eb492d93987768f731e904781c
      size: 1680931
    - path: data/raw/train.csv
      hash: md5
      md5: 18b3faba324bc010ea34ff2d9244645f
      size: 5238770
    - path: src/data/data_preprocessing.py
      hash: md5
      md5: 72ab680d346fb2c6543130ac26f90dd4
      size: 3856
    outs:
    - path: data/interim
      hash: md5
      md5: 056a565b1ab539e7c535709c3d4b5e92.dir
      size: 5134850
      nfiles: 2
  feature_engineering:
    cmd: python src/features/feature_engineering.py
    deps:
    - path: data/interim
      hash: md5
      md5: 056a565b1ab539e7c535709c3d4b5e92.dir
      size: 5134850
      nfiles: 2
    - path: src/features/feature_engineering.py
      hash: md5
      md5: 05b09eec9c1593942fae80a769171f13
      size: 4424
    params:
      params.yaml:
        feature_engineering.max_features: 10000
        feature_engineering.ngram_range:
        - 1
        - 3
    outs:
    - path: data/processed
      hash: md5
      md5: 8b041c42583b151b43d2079958531837.dir
      size: 1110944077
      nfiles: 1
    - path: models/vectorizer.pkl
      hash: md5
      md5: 51c6e9b5cc464d7d1e044f0c762f9a60
      size: 384000
  model_building:
    cmd: python src/model/model_building.py
    deps:
    - path: data/processed/trained.csv
      hash: md5
      md5: 95e0780b0fa4498bdff573e2bb8baae5
      size: 1110944077
    - path: src/model/model_building.py
      hash: md5
      md5: f6e591fda4393521551c39b06286ccf5
      size: 4390
    params:
      params.yaml:
        model_building.learning_rate: 0.09
        model_building.max_depth: 20
        model_building.n_estimators: 367
    outs:
    - path: lgbm_model.pkl
      hash: md5
      md5: 2de90111c2abc77437a604d98b75d3f1
      size: 4113954
  model_evaluation:
    cmd: python src/model/model_evaluation.py
    deps:
    - path: data/interim/test_processed.csv
      hash: md5
      md5: 20e0d1f7475c3f6ff20400efbc8c4774
      size: 1248568
    - path: data/interim/train_processed.csv
      hash: md5
      md5: b5a818f46d32f38de3b86a761aa39e1e
      size: 3886282
    - path: lgbm_model.pkl
      hash: md5
      md5: 2de90111c2abc77437a604d98b75d3f1
      size: 4113954
    - path: src/model/model_evaluation.py
      hash: md5
      md5: eb218239128fdf40fb6f7c89d6925038
      size: 7285
    - path: tfidf_vectorizer.pkl
      hash: md5
      md5: ec2564f3189f7e2b5dc09d4d6e6fafde
      size: 384115
    outs:
    - path: experiment_info.json
      hash: md5
      md5: 38116ceaa2c76eb3d10686bb9f005e3e
      size: 87
